
Microsoft Visual Studio Solution File, Format Version 12.00
# Visual Studio Version 17
VisualStudioVersion = 17.0.31903.59
MinimumVisualStudioVersion = 10.0.40219.1
Project("{2150E333-8FDC-42A3-9474-1A3956D46DE8}") = "src", "src", "{827E0CD3-B72D-47B6-A68D-7590B98EB39B}"
EndProject
Project("{FAE04EC0-301F-11D3-BF4B-00C04F79EFBC}") = "EshopGuard.Core", "EshopGuard.Core\EshopGuard.Core.csproj", "{10D588B5-EADA-472F-8E77-1DA48B558AEF}"
EndProject
Project("{FAE04EC0-301F-11D3-BF4B-00C04F79EFBC}") = "EshopGuard.Cli", "EshopGuard.Cli\EshopGuard.Cli.csproj", "{25D22FFB-9D02-457F-900C-0F19DCE68186}"
EndProject
Project("{2150E333-8FDC-42A3-9474-1A3956D46DE8}") = "tests", "tests", "{0AB3BF05-4346-4AA6-1389-037BE0695223}"
EndProject
Project("{FAE04EC0-301F-11D3-BF4B-00C04F79EFBC}") = "EshopGuard.Core.Tests", "tests\EshopGuard.Core.Tests\EshopGuard.Core.Tests.csproj", "{D4718B42-D2D9-4F61-8254-02509F7BC68E}"
EndProject
Project("{FAE04EC0-301F-11D3-BF4B-00C04F79EFBC}") = "EshopGuard.Data", "EshopGuard.Data\EshopGuard.Data.csproj", "{57400985-4032-44F0-8B79-496B0C52121E}"
EndProject
Project("{FAE04EC0-301F-11D3-BF4B-00C04F79EFBC}") = "EshopGuard.Storage", "EshopGuard.Storage\EshopGuard.Storage.csproj", "{7596D573-F509-4080-BEBA-A7365E36ECD9}"
EndProject
Project("{FAE04EC0-301F-11D3-BF4B-00C04F79EFBC}") = "EshopGuard.Jobs", "EshopGuard.Jobs\EshopGuard.Jobs.csproj", "{507A66CD-CAA6-4FCE-979A-688208EF6F59}"
EndProject
Project("{FAE04EC0-301F-11D3-BF4B-00C04F79EFBC}") = "EshopGuard.Billing", "EshopGuard.Billing\EshopGuard.Billing.csproj", "{4F935432-3C10-459B-9B46-7868509C5C51}"
EndProject
Project("{FAE04EC0-301F-11D3-BF4B-00C04F79EFBC}") = "EshopGuard.Connectors", "EshopGuard.Connectors\EshopGuard.Connectors.csproj", "{F46BFA49-A785-45FD-A161-B62BD70E771C}"
EndProject
Project("{FAE04EC0-301F-11D3-BF4B-00C04F79EFBC}") = "EshopGuard.Api", "EshopGuard.Api\EshopGuard.Api.csproj", "{42C278D1-CFF5-41DE-B71E-61EB58DD6AF8}"
EndProject
Project("{FAE04EC0-301F-11D3-BF4B-00C04F79EFBC}") = "EshopGuard.Worker", "EshopGuard.Worker\EshopGuard.Worker.csproj", "{2AED377E-7502-403D-AF9D-F5934821E3FE}"
EndProject
Project("{FAE04EC0-301F-11D3-BF4B-00C04F79EFBC}") = "EshopGuard.Data.Tests", "tests\EshopGuard.Data.Tests\EshopGuard.Data.Tests.csproj", "{DDBD51F9-0BDD-444B-AA86-A1A852172249}"
EndProject
Project("{FAE04EC0-301F-11D3-BF4B-00C04F79EFBC}") = "EshopGuard.Storage.Tests", "tests\EshopGuard.Storage.Tests\EshopGuard.Storage.Tests.csproj", "{F01DAAF8-043A-4D4E-BE3F-B38780F1C765}"
EndProject
Project("{FAE04EC0-301F-11D3-BF4B-00C04F79EFBC}") = "EshopGuard.Worker.Tests", "tests\EshopGuard.Worker.Tests\EshopGuard.Worker.Tests.csproj", "{D2407E6C-80A8-4300-8C32-F90E1A80325B}"
EndProject
Project("{FAE04EC0-301F-11D3-BF4B-00C04F79EFBC}") = "EshopGuard.Api.Tests", "tests\EshopGuard.Api.Tests\EshopGuard.Api.Tests.csproj", "{36745F46-2B0F-4716-9AC9-CEE8B1B2BB92}"
EndProject
Global
	GlobalSection(SolutionConfigurationPlatforms) = preSolution
		Debug|Any CPU = Debug|Any CPU
		Debug|x64 = Debug|x64
		Debug|x86 = Debug|x86
		Release|Any CPU = Release|Any CPU
		Release|x64 = Release|x64
		Release|x86 = Release|x86
	EndGlobalSection
	GlobalSection(ProjectConfigurationPlatforms) = postSolution
		{10D588B5-EADA-472F-8E77-1DA48B558AEF}.Debug|Any CPU.ActiveCfg = Debug|Any CPU
		{10D588B5-EADA-472F-8E77-1DA48B558AEF}.Debug|Any CPU.Build.0 = Debug|Any CPU
		{10D588B5-EADA-472F-8E77-1DA48B558AEF}.Debug|x64.ActiveCfg = Debug|Any CPU
		{10D588B5-EADA-472F-8E77-1DA48B558AEF}.Debug|x64.Build.0 = Debug|Any CPU
		{10D588B5-EADA-472F-8E77-1DA48B558AEF}.Debug|x86.ActiveCfg = Debug|Any CPU
		{10D588B5-EADA-472F-8E77-1DA48B558AEF}.Debug|x86.Build.0 = Debug|Any CPU
		{10D588B5-EADA-472F-8E77-1DA48B558AEF}.Release|Any CPU.ActiveCfg = Release|Any CPU
		{10D588B5-EADA-472F-8E77-1DA48B558AEF}.Release|Any CPU.Build.0 = Release|Any CPU
		{10D588B5-EADA-472F-8E77-1DA48B558AEF}.Release|x64.ActiveCfg = Release|Any CPU
		{10D588B5-EADA-472F-8E77-1DA48B558AEF}.Release|x64.Build.0 = Release|Any CPU
		{10D588B5-EADA-472F-8E77-1DA48B558AEF}.Release|x86.ActiveCfg = Release|Any CPU
		{10D588B5-EADA-472F-8E77-1DA48B558AEF}.Release|x86.Build.0 = Release|Any CPU
		{25D22FFB-9D02-457F-900C-0F19DCE68186}.Debug|Any CPU.ActiveCfg = Debug|Any CPU
		{25D22FFB-9D02-457F-900C-0F19DCE68186}.Debug|Any CPU.Build.0 = Debug|Any CPU
		{25D22FFB-9D02-457F-900C-0F19DCE68186}.Debug|x64.ActiveCfg = Debug|Any CPU
		{25D22FFB-9D02-457F-900C-0F19DCE68186}.Debug|x64.Build.0 = Debug|Any CPU
		{25D22FFB-9D02-457F-900C-0F19DCE68186}.Debug|x86.ActiveCfg = Debug|Any CPU
		{25D22FFB-9D02-457F-900C-0F19DCE68186}.Debug|x86.Build.0 = Debug|Any CPU
		{25D22FFB-9D02-457F-900C-0F19DCE68186}.Release|Any CPU.ActiveCfg = Release|Any CPU
		{25D22FFB-9D02-457F-900C-0F19DCE68186}.Release|Any CPU.Build.0 = Release|Any CPU
		{25D22FFB-9D02-457F-900C-0F19DCE68186}.Release|x64.ActiveCfg = Release|Any CPU
		{25D22FFB-9D02-457F-900C-0F19DCE68186}.Release|x64.Build.0 = Release|Any CPU
		{25D22FFB-9D02-457F-900C-0F19DCE68186}.Release|x86.ActiveCfg = Release|Any CPU
		{25D22FFB-9D02-457F-900C-0F19DCE68186}.Release|x86.Build.0 = Release|Any CPU
		{D4718B42-D2D9-4F61-8254-02509F7BC68E}.Debug|Any CPU.ActiveCfg = Debug|Any CPU
		{D4718B42-D2D9-4F61-8254-02509F7BC68E}.Debug|Any CPU.Build.0 = Debug|Any CPU
		{D4718B42-D2D9-4F61-8254-02509F7BC68E}.Debug|x64.ActiveCfg = Debug|Any CPU
		{D4718B42-D2D9-4F61-8254-02509F7BC68E}.Debug|x64.Build.0 = Debug|Any CPU
		{D4718B42-D2D9-4F61-8254-02509F7BC68E}.Debug|x86.ActiveCfg = Debug|Any CPU
		{D4718B42-D2D9-4F61-8254-02509F7BC68E}.Debug|x86.Build.0 = Debug|Any CPU
		{D4718B42-D2D9-4F61-8254-02509F7BC68E}.Release|Any CPU.ActiveCfg = Release|Any CPU
		{D4718B42-D2D9-4F61-8254-02509F7BC68E}.Release|Any CPU.Build.0 = Release|Any CPU
		{D4718B42-D2D9-4F61-8254-02509F7BC68E}.Release|x64.ActiveCfg = Release|Any CPU
		{D4718B42-D2D9-4F61-8254-02509F7BC68E}.Release|x64.Build.0 = Release|Any CPU
		{D4718B42-D2D9-4F61-8254-02509F7BC68E}.Release|x86.ActiveCfg = Release|Any CPU
		{D4718B42-D2D9-4F61-8254-02509F7BC68E}.Release|x86.Build.0 = Release|Any CPU
		{57400985-4032-44F0-8B79-496B0C52121E}.Debug|Any CPU.ActiveCfg = Debug|Any CPU
		{57400985-4032-44F0-8B79-496B0C52121E}.Debug|Any CPU.Build.0 = Debug|Any CPU
		{57400985-4032-44F0-8B79-496B0C52121E}.Debug|x64.ActiveCfg = Debug|Any CPU
		{57400985-4032-44F0-8B79-496B0C52121E}.Debug|x64.Build.0 = Debug|Any CPU
		{57400985-4032-44F0-8B79-496B0C52121E}.Debug|x86.ActiveCfg = Debug|Any CPU
		{57400985-4032-44F0-8B79-496B0C52121E}.Debug|x86.Build.0 = Debug|Any CPU
		{57400985-4032-44F0-8B79-496B0C52121E}.Release|Any CPU.ActiveCfg = Release|Any CPU
		{57400985-4032-44F0-8B79-496B0C52121E}.Release|Any CPU.Build.0 = Release|Any CPU
		{57400985-4032-44F0-8B79-496B0C52121E}.Release|x64.ActiveCfg = Release|Any CPU
		{57400985-4032-44F0-8B79-496B0C52121E}.Release|x64.Build.0 = Release|Any CPU
		{57400985-4032-44F0-8B79-496B0C52121E}.Release|x86.ActiveCfg = Release|Any CPU
		{57400985-4032-44F0-8B79-496B0C52121E}.Release|x86.Build.0 = Release|Any CPU
		{7596D573-F509-4080-BEBA-A7365E36ECD9}.Debug|Any CPU.ActiveCfg = Debug|Any CPU
		{7596D573-F509-4080-BEBA-A7365E36ECD9}.Debug|Any CPU.Build.0 = Debug|Any CPU
		{7596D573-F509-4080-BEBA-A7365E36ECD9}.Debug|x64.ActiveCfg = Debug|Any CPU
		{7596D573-F509-4080-BEBA-A7365E36ECD9}.Debug|x64.Build.0 = Debug|Any CPU
		{7596D573-F509-4080-BEBA-A7365E36ECD9}.Debug|x86.ActiveCfg = Debug|Any CPU
		{7596D573-F509-4080-BEBA-A7365E36ECD9}.Debug|x86.Build.0 = Debug|Any CPU
		{7596D573-F509-4080-BEBA-A7365E36ECD9}.Release|Any CPU.ActiveCfg = Release|Any CPU
		{7596D573-F509-4080-BEBA-A7365E36ECD9}.Release|Any CPU.Build.0 = Release|Any CPU
		{7596D573-F509-4080-BEBA-A7365E36ECD9}.Release|x64.ActiveCfg = Release|Any CPU
		{7596D573-F509-4080-BEBA-A7365E36ECD9}.Release|x64.Build.0 = Release|Any CPU
		{7596D573-F509-4080-BEBA-A7365E36ECD9}.Release|x86.ActiveCfg = Release|Any CPU
		{7596D573-F509-4080-BEBA-A7365E36ECD9}.Release|x86.Build.0 = Release|Any CPU
		{507A66CD-CAA6-4FCE-979A-688208EF6F59}.Debug|Any CPU.ActiveCfg = Debug|Any CPU
		{507A66CD-CAA6-4FCE-979A-688208EF6F59}.Debug|Any CPU.Build.0 = Debug|Any CPU
		{507A66CD-CAA6-4FCE-979A-688208EF6F59}.Debug|x64.ActiveCfg = Debug|Any CPU
		{507A66CD-CAA6-4FCE-979A-688208EF6F59}.Debug|x64.Build.0 = Debug|Any CPU
		{507A66CD-CAA6-4FCE-979A-688208EF6F59}.Debug|x86.ActiveCfg = Debug|Any CPU
		{507A66CD-CAA6-4FCE-979A-688208EF6F59}.Debug|x86.Build.0 = Debug|Any CPU
		{507A66CD-CAA6-4FCE-979A-688208EF6F59}.Release|Any CPU.ActiveCfg = Release|Any CPU
		{507A66CD-CAA6-4FCE-979A-688208EF6F59}.Release|Any CPU.Build.0 = Release|Any CPU
		{507A66CD-CAA6-4FCE-979A-688208EF6F59}.Release|x64.ActiveCfg = Release|Any CPU
		{507A66CD-CAA6-4FCE-979A-688208EF6F59}.Release|x64.Build.0 = Release|Any CPU
		{507A66CD-CAA6-4FCE-979A-688208EF6F59}.Release|x86.ActiveCfg = Release|Any CPU
		{507A66CD-CAA6-4FCE-979A-688208EF6F59}.Release|x86.Build.0 = Release|Any CPU
		{4F935432-3C10-459B-9B46-7868509C5C51}.Debug|Any CPU.ActiveCfg = Debug|Any CPU
		{4F935432-3C10-459B-9B46-7868509C5C51}.Debug|Any CPU.Build.0 = Debug|Any CPU
		{4F935432-3C10-459B-9B46-7868509C5C51}.Debug|x64.ActiveCfg = Debug|Any CPU
		{4F935432-3C10-459B-9B46-7868509C5C51}.Debug|x64.Build.0 = Debug|Any CPU
		{4F935432-3C10-459B-9B46-7868509C5C51}.Debug|x86.ActiveCfg = Debug|Any CPU
		{4F935432-3C10-459B-9B46-7868509C5C51}.Debug|x86.Build.0 = Debug|Any CPU
		{4F935432-3C10-459B-9B46-7868509C5C51}.Release|Any CPU.ActiveCfg = Release|Any CPU
		{4F935432-3C10-459B-9B46-7868509C5C51}.Release|Any CPU.Build.0 = Release|Any CPU
		{4F935432-3C10-459B-9B46-7868509C5C51}.Release|x64.ActiveCfg = Release|Any CPU
		{4F935432-3C10-459B-9B46-7868509C5C51}.Release|x64.Build.0 = Release|Any CPU
		{4F935432-3C10-459B-9B46-7868509C5C51}.Release|x86.ActiveCfg = Release|Any CPU
		{4F935432-3C10-459B-9B46-7868509C5C51}.Release|x86.Build.0 = Release|Any CPU
		{F46BFA49-A785-45FD-A161-B62BD70E771C}.Debug|Any CPU.ActiveCfg = Debug|Any CPU
		{F46BFA49-A785-45FD-A161-B62BD70E771C}.Debug|Any CPU.Build.0 = Debug|Any CPU
		{F46BFA49-A785-45FD-A161-B62BD70E771C}.Debug|x64.ActiveCfg = Debug|Any CPU
		{F46BFA49-A785-45FD-A161-B62BD70E771C}.Debug|x64.Build.0 = Debug|Any CPU
		{F46BFA49-A785-45FD-A161-B62BD70E771C}.Debug|x86.ActiveCfg = Debug|Any CPU
		{F46BFA49-A785-45FD-A161-B62BD70E771C}.Debug|x86.Build.0 = Debug|Any CPU
		{F46BFA49-A785-45FD-A161-B62BD70E771C}.Release|Any CPU.ActiveCfg = Release|Any CPU
		{F46BFA49-A785-45FD-A161-B62BD70E771C}.Release|Any CPU.Build.0 = Release|Any CPU
		{F46BFA49-A785-45FD-A161-B62BD70E771C}.Release|x64.ActiveCfg = Release|Any CPU
		{F46BFA49-A785-45FD-A161-B62BD70E771C}.Release|x64.Build.0 = Release|Any CPU
		{F46BFA49-A785-45FD-A161-B62BD70E771C}.Release|x86.ActiveCfg = Release|Any CPU
		{F46BFA49-A785-45FD-A161-B62BD70E771C}.Release|x86.Build.0 = Release|Any CPU
		{42C278D1-CFF5-41DE-B71E-61EB58DD6AF8}.Debug|Any CPU.ActiveCfg = Debug|Any CPU
		{42C278D1-CFF5-41DE-B71E-61EB58DD6AF8}.Debug|Any CPU.Build.0 = Debug|Any CPU
		{42C278D1-CFF5-41DE-B71E-61EB58DD6AF8}.Debug|x64.ActiveCfg = Debug|Any CPU
		{42C278D1-CFF5-41DE-B71E-61EB58DD6AF8}.Debug|x64.Build.0 = Debug|Any CPU
		{42C278D1-CFF5-41DE-B71E-61EB58DD6AF8}.Debug|x86.ActiveCfg = Debug|Any CPU
		{42C278D1-CFF5-41DE-B71E-61EB58DD6AF8}.Debug|x86.Build.0 = Debug|Any CPU
		{42C278D1-CFF5-41DE-B71E-61EB58DD6AF8}.Release|Any CPU.ActiveCfg = Release|Any CPU
		{42C278D1-CFF5-41DE-B71E-61EB58DD6AF8}.Release|Any CPU.Build.0 = Release|Any CPU
		{42C278D1-CFF5-41DE-B71E-61EB58DD6AF8}.Release|x64.ActiveCfg = Release|Any CPU
		{42C278D1-CFF5-41DE-B71E-61EB58DD6AF8}.Release|x64.Build.0 = Release|Any CPU
		{42C278D1-CFF5-41DE-B71E-61EB58DD6AF8}.Release|x86.ActiveCfg = Release|Any CPU
		{42C278D1-CFF5-41DE-B71E-61EB58DD6AF8}.Release|x86.Build.0 = Release|Any CPU
		{2AED377E-7502-403D-AF9D-F5934821E3FE}.Debug|Any CPU.ActiveCfg = Debug|Any CPU
		{2AED377E-7502-403D-AF9D-F5934821E3FE}.Debug|Any CPU.Build.0 = Debug|Any CPU
		{2AED377E-7502-403D-AF9D-F5934821E3FE}.Debug|x64.ActiveCfg = Debug|Any CPU
		{2AED377E-7502-403D-AF9D-F5934821E3FE}.Debug|x64.Build.0 = Debug|Any CPU
		{2AED377E-7502-403D-AF9D-F5934821E3FE}.Debug|x86.ActiveCfg = Debug|Any CPU
		{2AED377E-7502-403D-AF9D-F5934821E3FE}.Debug|x86.Build.0 = Debug|Any CPU
		{2AED377E-7502-403D-AF9D-F5934821E3FE}.Release|Any CPU.ActiveCfg = Release|Any CPU
		{2AED377E-7502-403D-AF9D-F5934821E3FE}.Release|Any CPU.Build.0 = Release|Any CPU
		{2AED377E-7502-403D-AF9D-F5934821E3FE}.Release|x64.ActiveCfg = Release|Any CPU
		{2AED377E-7502-403D-AF9D-F5934821E3FE}.Release|x64.Build.0 = Release|Any CPU
		{2AED377E-7502-403D-AF9D-F5934821E3FE}.Release|x86.ActiveCfg = Release|Any CPU
		{2AED377E-7502-403D-AF9D-F5934821E3FE}.Release|x86.Build.0 = Release|Any CPU
		{DDBD51F9-0BDD-444B-AA86-A1A852172249}.Debug|Any CPU.ActiveCfg = Debug|Any CPU
		{DDBD51F9-0BDD-444B-AA86-A1A852172249}.Debug|Any CPU.Build.0 = Debug|Any CPU
		{DDBD51F9-0BDD-444B-AA86-A1A852172249}.Debug|x64.ActiveCfg = Debug|Any CPU
		{DDBD51F9-0BDD-444B-AA86-A1A852172249}.Debug|x64.Build.0 = Debug|Any CPU
		{DDBD51F9-0BDD-444B-AA86-A1A852172249}.Debug|x86.ActiveCfg = Debug|Any CPU
		{DDBD51F9-0BDD-444B-AA86-A1A852172249}.Debug|x86.Build.0 = Debug|Any CPU
		{DDBD51F9-0BDD-444B-AA86-A1A852172249}.Release|Any CPU.ActiveCfg = Release|Any CPU
		{DDBD51F9-0BDD-444B-AA86-A1A852172249}.Release|Any CPU.Build.0 = Release|Any CPU
		{DDBD51F9-0BDD-444B-AA86-A1A852172249}.Release|x64.ActiveCfg = Release|Any CPU
		{DDBD51F9-0BDD-444B-AA86-A1A852172249}.Release|x64.Build.0 = Release|Any CPU
		{DDBD51F9-0BDD-444B-AA86-A1A852172249}.Release|x86.ActiveCfg = Release|Any CPU
		{DDBD51F9-0BDD-444B-AA86-A1A852172249}.Release|x86.Build.0 = Release|Any CPU
		{F01DAAF8-043A-4D4E-BE3F-B38780F1C765}.Debug|Any CPU.ActiveCfg = Debug|Any CPU
		{F01DAAF8-043A-4D4E-BE3F-B38780F1C765}.Debug|Any CPU.Build.0 = Debug|Any CPU
		{F01DAAF8-043A-4D4E-BE3F-B38780F1C765}.Debug|x64.ActiveCfg = Debug|Any CPU
		{F01DAAF8-043A-4D4E-BE3F-B38780F1C765}.Debug|x64.Build.0 = Debug|Any CPU
		{F01DAAF8-043A-4D4E-BE3F-B38780F1C765}.Debug|x86.ActiveCfg = Debug|Any CPU
		{F01DAAF8-043A-4D4E-BE3F-B38780F1C765}.Debug|x86.Build.0 = Debug|Any CPU
		{F01DAAF8-043A-4D4E-BE3F-B38780F1C765}.Release|Any CPU.ActiveCfg = Release|Any CPU
		{F01DAAF8-043A-4D4E-BE3F-B38780F1C765}.Release|Any CPU.Build.0 = Release|Any CPU
		{F01DAAF8-043A-4D4E-BE3F-B38780F1C765}.Release|x64.ActiveCfg = Release|Any CPU
		{F01DAAF8-043A-4D4E-BE3F-B38780F1C765}.Release|x64.Build.0 = Release|Any CPU
		{F01DAAF8-043A-4D4E-BE3F-B38780F1C765}.Release|x86.ActiveCfg = Release|Any CPU
		{F01DAAF8-043A-4D4E-BE3F-B38780F1C765}.Release|x86.Build.0 = Release|Any CPU
		{D2407E6C-80A8-4300-8C32-F90E1A80325B}.Debug|Any CPU.ActiveCfg = Debug|Any CPU
		{D2407E6C-80A8-4300-8C32-F90E1A80325B}.Debug|Any CPU.Build.0 = Debug|Any CPU
		{D2407E6C-80A8-4300-8C32-F90E1A80325B}.Debug|x64.ActiveCfg = Debug|Any CPU
		{D2407E6C-80A8-4300-8C32-F90E1A80325B}.Debug|x64.Build.0 = Debug|Any CPU
		{D2407E6C-80A8-4300-8C32-F90E1A80325B}.Debug|x86.ActiveCfg = Debug|Any CPU
		{D2407E6C-80A8-4300-8C32-F90E1A80325B}.Debug|x86.Build.0 = Debug|Any CPU
		{D2407E6C-80A8-4300-8C32-F90E1A80325B}.Release|Any CPU.ActiveCfg = Release|Any CPU
		{D2407E6C-80A8-4300-8C32-F90E1A80325B}.Release|Any CPU.Build.0 = Release|Any CPU
		{D2407E6C-80A8-4300-8C32-F90E1A80325B}.Release|x64.ActiveCfg = Release|Any CPU
		{D2407E6C-80A8-4300-8C32-F90E1A80325B}.Release|x64.Build.0 = Release|Any CPU
		{D2407E6C-80A8-4300-8C32-F90E1A80325B}.Release|x86.ActiveCfg = Release|Any CPU
		{D2407E6C-80A8-4300-8C32-F90E1A80325B}.Release|x86.Build.0 = Release|Any CPU
		{36745F46-2B0F-4716-9AC9-CEE8B1B2BB92}.Debug|Any CPU.ActiveCfg = Debug|Any CPU
		{36745F46-2B0F-4716-9AC9-CEE8B1B2BB92}.Debug|Any CPU.Build.0 = Debug|Any CPU
		{36745F46-2B0F-4716-9AC9-CEE8B1B2BB92}.Debug|x64.ActiveCfg = Debug|Any CPU
		{36745F46-2B0F-4716-9AC9-CEE8B1B2BB92}.Debug|x64.Build.0 = Debug|Any CPU
		{36745F46-2B0F-4716-9AC9-CEE8B1B2BB92}.Debug|x86.ActiveCfg = Debug|Any CPU
		{36745F46-2B0F-4716-9AC9-CEE8B1B2BB92}.Debug|x86.Build.0 = Debug|Any CPU
		{36745F46-2B0F-4716-9AC9-CEE8B1B2BB92}.Release|Any CPU.ActiveCfg = Release|Any CPU
		{36745F46-2B0F-4716-9AC9-CEE8B1B2BB92}.Release|Any CPU.Build.0 = Release|Any CPU
		{36745F46-2B0F-4716-9AC9-CEE8B1B2BB92}.Release|x64.ActiveCfg = Release|Any CPU
		{36745F46-2B0F-4716-9AC9-CEE8B1B2BB92}.Release|x64.Build.0 = Release|Any CPU
		{36745F46-2B0F-4716-9AC9-CEE8B1B2BB92}.Release|x86.ActiveCfg = Release|Any CPU
		{36745F46-2B0F-4716-9AC9-CEE8B1B2BB92}.Release|x86.Build.0 = Release|Any CPU
	EndGlobalSection
	GlobalSection(SolutionProperties) = preSolution
		HideSolutionNode = FALSE
	EndGlobalSection
	GlobalSection(NestedProjects) = preSolution
		{10D588B5-EADA-472F-8E77-1DA48B558AEF} = {827E0CD3-B72D-47B6-A68D-7590B98EB39B}
		{25D22FFB-9D02-457F-900C-0F19DCE68186} = {827E0CD3-B72D-47B6-A68D-7590B98EB39B}
		{D4718B42-D2D9-4F61-8254-02509F7BC68E} = {0AB3BF05-4346-4AA6-1389-037BE0695223}
		{57400985-4032-44F0-8B79-496B0C52121E} = {827E0CD3-B72D-47B6-A68D-7590B98EB39B}
		{7596D573-F509-4080-BEBA-A7365E36ECD9} = {827E0CD3-B72D-47B6-A68D-7590B98EB39B}
		{507A66CD-CAA6-4FCE-979A-688208EF6F59} = {827E0CD3-B72D-47B6-A68D-7590B98EB39B}
		{4F935432-3C10-459B-9B46-7868509C5C51} = {827E0CD3-B72D-47B6-A68D-7590B98EB39B}
		{F46BFA49-A785-45FD-A161-B62BD70E771C} = {827E0CD3-B72D-47B6-A68D-7590B98EB39B}
		{42C278D1-CFF5-41DE-B71E-61EB58DD6AF8} = {827E0CD3-B72D-47B6-A68D-7590B98EB39B}
		{2AED377E-7502-403D-AF9D-F5934821E3FE} = {827E0CD3-B72D-47B6-A68D-7590B98EB39B}
		{DDBD51F9-0BDD-444B-AA86-A1A852172249} = {0AB3BF05-4346-4AA6-1389-037BE0695223}
		{F01DAAF8-043A-4D4E-BE3F-B38780F1C765} = {0AB3BF05-4346-4AA6-1389-037BE0695223}
		{D2407E6C-80A8-4300-8C32-F90E1A80325B} = {0AB3BF05-4346-4AA6-1389-037BE0695223}
		{36745F46-2B0F-4716-9AC9-CEE8B1B2BB92} = {0AB3BF05-4346-4AA6-1389-037BE0695223}
	EndGlobalSection
EndGlobal
